// !$*UTF8*$!
{
	archiveVersion = 1;
	classes = {
	};
	objectVersion = 50;
	objects = {

/* Begin PBXBuildFile section */
		F057BDBF222CB0810067A793 /* AppDelegate.swift in Sources */ = {isa = PBXBuildFile; fileRef = F057BDBE222CB0810067A793 /* AppDelegate.swift */; };
		F057BDC3222CB0810067A793 /* GameViewController.swift in Sources */ = {isa = PBXBuildFile; fileRef = F057BDC2222CB0810067A793 /* GameViewController.swift */; };
		F057BDC6222CB0810067A793 /* Main.storyboard in Resources */ = {isa = PBXBuildFile; fileRef = F057BDC4222CB0810067A793 /* Main.storyboard */; };
		F057BDC8222CB0820067A793 /* Assets.xcassets in Resources */ = {isa = PBXBuildFile; fileRef = F057BDC7222CB0820067A793 /* Assets.xcassets */; };
		F057BDCB222CB0820067A793 /* LaunchScreen.storyboard in Resources */ = {isa = PBXBuildFile; fileRef = F057BDC9222CB0820067A793 /* LaunchScreen.storyboard */; };
		F057BDD6222CB0820067A793 /* SimsBO3DTests.swift in Sources */ = {isa = PBXBuildFile; fileRef = F057BDD5222CB0820067A793 /* SimsBO3DTests.swift */; };
		F057BDE1222CB0820067A793 /* SimsBO3DUITests.swift in Sources */ = {isa = PBXBuildFile; fileRef = F057BDE0222CB0820067A793 /* SimsBO3DUITests.swift */; };
		F057BE32222CCE740067A793 /* sounds in Resources */ = {isa = PBXBuildFile; fileRef = F057BE31222CCE740067A793 /* sounds */; };
		F057BE36222DE9D90067A793 /* CameraNode.swift in Sources */ = {isa = PBXBuildFile; fileRef = F057BE35222DE9D90067A793 /* CameraNode.swift */; };
		F057BE38222DEB8E0067A793 /* Helper.swift in Sources */ = {isa = PBXBuildFile; fileRef = F057BE37222DEB8E0067A793 /* Helper.swift */; };
		F057BE3A222DEBFD0067A793 /* LightNode.swift in Sources */ = {isa = PBXBuildFile; fileRef = F057BE39222DEBFD0067A793 /* LightNode.swift */; };
		F057BE3C222DEDE70067A793 /* FloorNode.swift in Sources */ = {isa = PBXBuildFile; fileRef = F057BE3B222DEDE70067A793 /* FloorNode.swift */; };
		F057BE3E222DEF450067A793 /* PlayerNode.swift in Sources */ = {isa = PBXBuildFile; fileRef = F057BE3D222DEF450067A793 /* PlayerNode.swift */; };
		F057BE40222DF0D40067A793 /* GameView.swift in Sources */ = {isa = PBXBuildFile; fileRef = F057BE3F222DF0D40067A793 /* GameView.swift */; };
		F057BE44222DF8EC0067A793 /* art.scnassets in Resources */ = {isa = PBXBuildFile; fileRef = F057BE43222DF8EC0067A793 /* art.scnassets */; };
		F057BE46222E2EB10067A793 /* GameLevel1.swift in Sources */ = {isa = PBXBuildFile; fileRef = F057BE45222E2EB10067A793 /* GameLevel1.swift */; };
/* End PBXBuildFile section */

/* Begin PBXContainerItemProxy section */
		F057BDD2222CB0820067A793 /* PBXContainerItemProxy */ = {
			isa = PBXContainerItemProxy;
			containerPortal = F057BDB3222CB0810067A793 /* Project object */;
			proxyType = 1;
			remoteGlobalIDString = F057BDBA222CB0810067A793;
			remoteInfo = SimsBO3D;
		};
		F057BDDD222CB0820067A793 /* PBXContainerItemProxy */ = {
			isa = PBXContainerItemProxy;
			containerPortal = F057BDB3222CB0810067A793 /* Project object */;
			proxyType = 1;
			remoteGlobalIDString = F057BDBA222CB0810067A793;
			remoteInfo = SimsBO3D;
		};
/* End PBXContainerItemProxy section */

/* Begin PBXFileReference section */
		F057BDBB222CB0810067A793 /* SimsBO3D.app */ = {isa = PBXFileReference; explicitFileType = wrapper.application; includeInIndex = 0; path = SimsBO3D.app; sourceTree = BUILT_PRODUCTS_DIR; };
		F057BDBE222CB0810067A793 /* AppDelegate.swift */ = {isa = PBXFileReference; lastKnownFileType = sourcecode.swift; path = AppDelegate.swift; sourceTree = "<group>"; };
		F057BDC2222CB0810067A793 /* GameViewController.swift */ = {isa = PBXFileReference; lastKnownFileType = sourcecode.swift; path = GameViewController.swift; sourceTree = "<group>"; };
		F057BDC5222CB0810067A793 /* Base */ = {isa = PBXFileReference; lastKnownFileType = file.storyboard; name = Base; path = Base.lproj/Main.storyboard; sourceTree = "<group>"; };
		F057BDC7222CB0820067A793 /* Assets.xcassets */ = {isa = PBXFileReference; lastKnownFileType = folder.assetcatalog; path = Assets.xcassets; sourceTree = "<group>"; };
		F057BDCA222CB0820067A793 /* Base */ = {isa = PBXFileReference; lastKnownFileType = file.storyboard; name = Base; path = Base.lproj/LaunchScreen.storyboard; sourceTree = "<group>"; };
		F057BDCC222CB0820067A793 /* Info.plist */ = {isa = PBXFileReference; lastKnownFileType = text.plist.xml; path = Info.plist; sourceTree = "<group>"; };
		F057BDD1222CB0820067A793 /* SimsBO3DTests.xctest */ = {isa = PBXFileReference; explicitFileType = wrapper.cfbundle; includeInIndex = 0; path = SimsBO3DTests.xctest; sourceTree = BUILT_PRODUCTS_DIR; };
		F057BDD5222CB0820067A793 /* SimsBO3DTests.swift */ = {isa = PBXFileReference; lastKnownFileType = sourcecode.swift; path = SimsBO3DTests.swift; sourceTree = "<group>"; };
		F057BDD7222CB0820067A793 /* Info.plist */ = {isa = PBXFileReference; lastKnownFileType = text.plist.xml; path = Info.plist; sourceTree = "<group>"; };
		F057BDDC222CB0820067A793 /* SimsBO3DUITests.xctest */ = {isa = PBXFileReference; explicitFileType = wrapper.cfbundle; includeInIndex = 0; path = SimsBO3DUITests.xctest; sourceTree = BUILT_PRODUCTS_DIR; };
		F057BDE0222CB0820067A793 /* SimsBO3DUITests.swift */ = {isa = PBXFileReference; lastKnownFileType = sourcecode.swift; path = SimsBO3DUITests.swift; sourceTree = "<group>"; };
		F057BDE2222CB0820067A793 /* Info.plist */ = {isa = PBXFileReference; lastKnownFileType = text.plist.xml; path = Info.plist; sourceTree = "<group>"; };
		F057BE31222CCE740067A793 /* sounds */ = {isa = PBXFileReference; lastKnownFileType = folder; name = sounds; path = "../../../../Downloads/Beer Can Bully Final/Beer Can Bully/sounds"; sourceTree = "<group>"; };
		F057BE35222DE9D90067A793 /* CameraNode.swift */ = {isa = PBXFileReference; lastKnownFileType = sourcecode.swift; path = CameraNode.swift; sourceTree = "<group>"; };
		F057BE37222DEB8E0067A793 /* Helper.swift */ = {isa = PBXFileReference; lastKnownFileType = sourcecode.swift; path = Helper.swift; sourceTree = "<group>"; };
		F057BE39222DEBFD0067A793 /* LightNode.swift */ = {isa = PBXFileReference; lastKnownFileType = sourcecode.swift; path = LightNode.swift; sourceTree = "<group>"; };
		F057BE3B222DEDE70067A793 /* FloorNode.swift */ = {isa = PBXFileReference; lastKnownFileType = sourcecode.swift; path = FloorNode.swift; sourceTree = "<group>"; };
		F057BE3D222DEF450067A793 /* PlayerNode.swift */ = {isa = PBXFileReference; lastKnownFileType = sourcecode.swift; path = PlayerNode.swift; sourceTree = "<group>"; };
		F057BE3F222DF0D40067A793 /* GameView.swift */ = {isa = PBXFileReference; lastKnownFileType = sourcecode.swift; path = GameView.swift; sourceTree = "<group>"; };
		F057BE43222DF8EC0067A793 /* art.scnassets */ = {isa = PBXFileReference; lastKnownFileType = wrapper.scnassets; path = art.scnassets; sourceTree = "<group>"; };
		F057BE45222E2EB10067A793 /* GameLevel1.swift */ = {isa = PBXFileReference; lastKnownFileType = sourcecode.swift; path = GameLevel1.swift; sourceTree = "<group>"; };
		F057BE49222E363D0067A793 /* ball_can.aiff */ = {isa = PBXFileReference; lastKnownFileType = audio.aiff; path = ball_can.aiff; sourceTree = "<group>"; };
		F057BE4A222E363D0067A793 /* can_floor.aiff */ = {isa = PBXFileReference; lastKnownFileType = audio.aiff; path = can_floor.aiff; sourceTree = "<group>"; };
		F057BE4B222E363D0067A793 /* whoosh.aiff */ = {isa = PBXFileReference; lastKnownFileType = audio.aiff; path = whoosh.aiff; sourceTree = "<group>"; };
		F057BE4C222E363D0067A793 /* ball_floor.aiff */ = {isa = PBXFileReference; lastKnownFileType = audio.aiff; path = ball_floor.aiff; sourceTree = "<group>"; };
/* End PBXFileReference section */

/* Begin PBXFrameworksBuildPhase section */
		F057BDB8222CB0810067A793 /* Frameworks */ = {
			isa = PBXFrameworksBuildPhase;
			buildActionMask = 2147483647;
			files = (
			);
			runOnlyForDeploymentPostprocessing = 0;
		};
		F057BDCE222CB0820067A793 /* Frameworks */ = {
			isa = PBXFrameworksBuildPhase;
			buildActionMask = 2147483647;
			files = (
			);
			runOnlyForDeploymentPostprocessing = 0;
		};
		F057BDD9222CB0820067A793 /* Frameworks */ = {
			isa = PBXFrameworksBuildPhase;
			buildActionMask = 2147483647;
			files = (
			);
			runOnlyForDeploymentPostprocessing = 0;
		};
/* End PBXFrameworksBuildPhase section */

/* Begin PBXGroup section */
		F057BDB2222CB0810067A793 = {
			isa = PBXGroup;
			children = (
				F057BDBD222CB0810067A793 /* SimsBO3D */,
				F057BDD4222CB0820067A793 /* SimsBO3DTests */,
				F057BDDF222CB0820067A793 /* SimsBO3DUITests */,
				F057BDBC222CB0810067A793 /* Products */,
			);
			sourceTree = "<group>";
		};
		F057BDBC222CB0810067A793 /* Products */ = {
			isa = PBXGroup;
			children = (
				F057BDBB222CB0810067A793 /* SimsBO3D.app */,
				F057BDD1222CB0820067A793 /* SimsBO3DTests.xctest */,
				F057BDDC222CB0820067A793 /* SimsBO3DUITests.xctest */,
			);
			name = Products;
			sourceTree = "<group>";
		};
		F057BDBD222CB0810067A793 /* SimsBO3D */ = {
			isa = PBXGroup;
			children = (
				F057BE47222E36300067A793 /* Game Assets */,
				F057BE31222CCE740067A793 /* sounds */,
				F057BDBE222CB0810067A793 /* AppDelegate.swift */,
				F057BDC2222CB0810067A793 /* GameViewController.swift */,
				F057BDC4222CB0810067A793 /* Main.storyboard */,
				F057BDC7222CB0820067A793 /* Assets.xcassets */,
				F057BDC9222CB0820067A793 /* LaunchScreen.storyboard */,
				F057BDCC222CB0820067A793 /* Info.plist */,
				F057BE3B222DEDE70067A793 /* FloorNode.swift */,
				F057BE35222DE9D90067A793 /* CameraNode.swift */,
				F057BE37222DEB8E0067A793 /* Helper.swift */,
				F057BE39222DEBFD0067A793 /* LightNode.swift */,
				F057BE3D222DEF450067A793 /* PlayerNode.swift */,
				F057BE3F222DF0D40067A793 /* GameView.swift */,
				F057BE45222E2EB10067A793 /* GameLevel1.swift */,
			);
			path = SimsBO3D;
			sourceTree = "<group>";
		};
		F057BDD4222CB0820067A793 /* SimsBO3DTests */ = {
			isa = PBXGroup;
			children = (
				F057BDD5222CB0820067A793 /* SimsBO3DTests.swift */,
				F057BDD7222CB0820067A793 /* Info.plist */,
			);
			path = SimsBO3DTests;
			sourceTree = "<group>";
		};
		F057BDDF222CB0820067A793 /* SimsBO3DUITests */ = {
			isa = PBXGroup;
			children = (
				F057BDE0222CB0820067A793 /* SimsBO3DUITests.swift */,
				F057BDE2222CB0820067A793 /* Info.plist */,
			);
			path = SimsBO3DUITests;
			sourceTree = "<group>";
		};
		F057BE47222E36300067A793 /* Game Assets */ = {
			isa = PBXGroup;
			children = (
				F057BE48222E363D0067A793 /* sounds */,
				F057BE43222DF8EC0067A793 /* art.scnassets */,
			);
			path = "Game Assets";
			sourceTree = "<group>";
		};
		F057BE48222E363D0067A793 /* sounds */ = {
			isa = PBXGroup;
			children = (
				F057BE49222E363D0067A793 /* ball_can.aiff */,
				F057BE4A222E363D0067A793 /* can_floor.aiff */,
				F057BE4B222E363D0067A793 /* whoosh.aiff */,
				F057BE4C222E363D0067A793 /* ball_floor.aiff */,
			);
			path = sounds;
			sourceTree = "<group>";
		};
/* End PBXGroup section */

/* Begin PBXNativeTarget section */
		F057BDBA222CB0810067A793 /* SimsBO3D */ = {
			isa = PBXNativeTarget;
			buildConfigurationList = F057BDE5222CB0820067A793 /* Build configuration list for PBXNativeTarget "SimsBO3D" */;
			buildPhases = (
				F057BDB7222CB0810067A793 /* Sources */,
				F057BDB8222CB0810067A793 /* Frameworks */,
				F057BDB9222CB0810067A793 /* Resources */,
			);
			buildRules = (
			);
			dependencies = (
			);
			name = SimsBO3D;
			productName = SimsBO3D;
			productReference = F057BDBB222CB0810067A793 /* SimsBO3D.app */;
			productType = "com.apple.product-type.application";
		};
		F057BDD0222CB0820067A793 /* SimsBO3DTests */ = {
			isa = PBXNativeTarget;
			buildConfigurationList = F057BDE8222CB0820067A793 /* Build configuration list for PBXNativeTarget "SimsBO3DTests" */;
			buildPhases = (
				F057BDCD222CB0820067A793 /* Sources */,
				F057BDCE222CB0820067A793 /* Frameworks */,
				F057BDCF222CB0820067A793 /* Resources */,
			);
			buildRules = (
			);
			dependencies = (
				F057BDD3222CB0820067A793 /* PBXTargetDependency */,
			);
			name = SimsBO3DTests;
			productName = SimsBO3DTests;
			productReference = F057BDD1222CB0820067A793 /* SimsBO3DTests.xctest */;
			productType = "com.apple.product-type.bundle.unit-test";
		};
		F057BDDB222CB0820067A793 /* SimsBO3DUITests */ = {
			isa = PBXNativeTarget;
			buildConfigurationList = F057BDEB222CB0820067A793 /* Build configuration list for PBXNativeTarget "SimsBO3DUITests" */;
			buildPhases = (
				F057BDD8222CB0820067A793 /* Sources */,
				F057BDD9222CB0820067A793 /* Frameworks */,
				F057BDDA222CB0820067A793 /* Resources */,
			);
			buildRules = (
			);
			dependencies = (
				F057BDDE222CB0820067A793 /* PBXTargetDependency */,
			);
			name = SimsBO3DUITests;
			productName = SimsBO3DUITests;
			productReference = F057BDDC222CB0820067A793 /* SimsBO3DUITests.xctest */;
			productType = "com.apple.product-type.bundle.ui-testing";
		};
/* End PBXNativeTarget section */

/* Begin PBXProject section */
		F057BDB3222CB0810067A793 /* Project object */ = {
			isa = PBXProject;
			attributes = {
				LastSwiftUpdateCheck = 1010;
				LastUpgradeCheck = 1010;
				ORGANIZATIONNAME = "Mark Madden";
				TargetAttributes = {
					F057BDBA222CB0810067A793 = {
						CreatedOnToolsVersion = 10.1;
					};
					F057BDD0222CB0820067A793 = {
						CreatedOnToolsVersion = 10.1;
						TestTargetID = F057BDBA222CB0810067A793;
					};
					F057BDDB222CB0820067A793 = {
						CreatedOnToolsVersion = 10.1;
						TestTargetID = F057BDBA222CB0810067A793;
					};
				};
			};
			buildConfigurationList = F057BDB6222CB0810067A793 /* Build configuration list for PBXProject "SimsBO3D" */;
			compatibilityVersion = "Xcode 9.3";
			developmentRegion = en;
			hasScannedForEncodings = 0;
			knownRegions = (
				en,
				Base,
			);
			mainGroup = F057BDB2222CB0810067A793;
			productRefGroup = F057BDBC222CB0810067A793 /* Products */;
			projectDirPath = "";
			projectRoot = "";
			targets = (
				F057BDBA222CB0810067A793 /* SimsBO3D */,
				F057BDD0222CB0820067A793 /* SimsBO3DTests */,
				F057BDDB222CB0820067A793 /* SimsBO3DUITests */,
			);
		};
/* End PBXProject section */

/* Begin PBXResourcesBuildPhase section */
		F057BDB9222CB0810067A793 /* Resources */ = {
			isa = PBXResourcesBuildPhase;
			buildActionMask = 2147483647;
			files = (
				F057BDCB222CB0820067A793 /* LaunchScreen.storyboard in Resources */,
				F057BDC8222CB0820067A793 /* Assets.xcassets in Resources */,
				F057BE44222DF8EC0067A793 /* art.scnassets in Resources */,
				F057BE32222CCE740067A793 /* sounds in Resources */,
				F057BDC6222CB0810067A793 /* Main.storyboard in Resources */,
			);
			runOnlyForDeploymentPostprocessing = 0;
		};
		F057BDCF222CB0820067A793 /* Resources */ = {
			isa = PBXResourcesBuildPhase;
			buildActionMask = 2147483647;
			files = (
			);
			runOnlyForDeploymentPostprocessing = 0;
		};
		F057BDDA222CB0820067A793 /* Resources */ = {
			isa = PBXResourcesBuildPhase;
			buildActionMask = 2147483647;
			files = (
			);
			runOnlyForDeploymentPostprocessing = 0;
		};
/* End PBXResourcesBuildPhase section */

/* Begin PBXSourcesBuildPhase section */
		F057BDB7222CB0810067A793 /* Sources */ = {
			isa = PBXSourcesBuildPhase;
			buildActionMask = 2147483647;
			files = (
				F057BDC3222CB0810067A793 /* GameViewController.swift in Sources */,
				F057BDBF222CB0810067A793 /* AppDelegate.swift in Sources */,
				F057BE38222DEB8E0067A793 /* Helper.swift in Sources */,
				F057BE36222DE9D90067A793 /* CameraNode.swift in Sources */,
				F057BE40222DF0D40067A793 /* GameView.swift in Sources */,
				F057BE3A222DEBFD0067A793 /* LightNode.swift in Sources */,
				F057BE3E222DEF450067A793 /* PlayerNode.swift in Sources */,
				F057BE46222E2EB10067A793 /* GameLevel1.swift in Sources */,
				F057BE3C222DEDE70067A793 /* FloorNode.swift in Sources */,
			);
			runOnlyForDeploymentPostprocessing = 0;
		};
		F057BDCD222CB0820067A793 /* Sources */ = {
			isa = PBXSourcesBuildPhase;
			buildActionMask = 2147483647;
			files = (
				F057BDD6222CB0820067A793 /* SimsBO3DTests.swift in Sources */,
			);
			runOnlyForDeploymentPostprocessing = 0;
		};
		F057BDD8222CB0820067A793 /* Sources */ = {
			isa = PBXSourcesBuildPhase;
			buildActionMask = 2147483647;
			files = (
				F057BDE1222CB0820067A793 /* SimsBO3DUITests.swift in Sources */,
			);
			runOnlyForDeploymentPostprocessing = 0;
		};
/* End PBXSourcesBuildPhase section */

/* Begin PBXTargetDependency section */
		F057BDD3222CB0820067A793 /* PBXTargetDependency */ = {
			isa = PBXTargetDependency;
			target = F057BDBA222CB0810067A793 /* SimsBO3D */;
			targetProxy = F057BDD2222CB0820067A793 /* PBXContainerItemProxy */;
		};
		F057BDDE222CB0820067A793 /* PBXTargetDependency */ = {
			isa = PBXTargetDependency;
			target = F057BDBA222CB0810067A793 /* SimsBO3D */;
			targetProxy = F057BDDD222CB0820067A793 /* PBXContainerItemProxy */;
		};
/* End PBXTargetDependency section */

/* Begin PBXVariantGroup section */
		F057BDC4222CB0810067A793 /* Main.storyboard */ = {
			isa = PBXVariantGroup;
			children = (
				F057BDC5222CB0810067A793 /* Base */,
			);
			name = Main.storyboard;
			sourceTree = "<group>";
		};
		F057BDC9222CB0820067A793 /* LaunchScreen.storyboard */ = {
			isa = PBXVariantGroup;
			children = (
				F057BDCA222CB0820067A793 /* Base */,
			);
			name = LaunchScreen.storyboard;
			sourceTree = "<group>";
		};
/* End PBXVariantGroup section */

/* Begin XCBuildConfiguration section */
		F057BDE3222CB0820067A793 /* Debug */ = {
			isa = XCBuildConfiguration;
			buildSettings = {
				ALWAYS_SEARCH_USER_PATHS = NO;
				CLANG_ANALYZER_NONNULL = YES;
				CLANG_ANALYZER_NUMBER_OBJECT_CONVERSION = YES_AGGRESSIVE;
				CLANG_CXX_LANGUAGE_STANDARD = "gnu++14";
				CLANG_CXX_LIBRARY = "libc++";
				CLANG_ENABLE_MODULES = YES;
				CLANG_ENABLE_OBJC_ARC = YES;
				CLANG_ENABLE_OBJC_WEAK = YES;
				CLANG_WARN_BLOCK_CAPTURE_AUTORELEASING = YES;
				CLANG_WARN_BOOL_CONVERSION = YES;
				CLANG_WARN_COMMA = YES;
				CLANG_WARN_CONSTANT_CONVERSION = YES;
				CLANG_WARN_DEPRECATED_OBJC_IMPLEMENTATIONS = YES;
				CLANG_WARN_DIRECT_OBJC_ISA_USAGE = YES_ERROR;
				CLANG_WARN_DOCUMENTATION_COMMENTS = YES;
				CLANG_WARN_EMPTY_BODY = YES;
				CLANG_WARN_ENUM_CONVERSION = YES;
				CLANG_WARN_INFINITE_RECURSION = YES;
				CLANG_WARN_INT_CONVERSION = YES;
				CLANG_WARN_NON_LITERAL_NULL_CONVERSION = YES;
				CLANG_WARN_OBJC_IMPLICIT_RETAIN_SELF = YES;
				CLANG_WARN_OBJC_LITERAL_CONVERSION = YES;
				CLANG_WARN_OBJC_ROOT_CLASS = YES_ERROR;
				CLANG_WARN_RANGE_LOOP_ANALYSIS = YES;
				CLANG_WARN_STRICT_PROTOTYPES = YES;
				CLANG_WARN_SUSPICIOUS_MOVE = YES;
				CLANG_WARN_UNGUARDED_AVAILABILITY = YES_AGGRESSIVE;
				CLANG_WARN_UNREACHABLE_CODE = YES;
				CLANG_WARN__DUPLICATE_METHOD_MATCH = YES;
				CODE_SIGN_IDENTITY = "iPhone Developer";
				COPY_PHASE_STRIP = NO;
				DEBUG_INFORMATION_FORMAT = dwarf;
				ENABLE_STRICT_OBJC_MSGSEND = YES;
				ENABLE_TESTABILITY = YES;
				GCC_C_LANGUAGE_STANDARD = gnu11;
				GCC_DYNAMIC_NO_PIC = NO;
				GCC_NO_COMMON_BLOCKS = YES;
				GCC_OPTIMIZATION_LEVEL = 0;
				GCC_PREPROCESSOR_DEFINITIONS = (
					"DEBUG=1",
					"$(inherited)",
				);
				GCC_WARN_64_TO_32_BIT_CONVERSION = YES;
				GCC_WARN_ABOUT_RETURN_TYPE = YES_ERROR;
				GCC_WARN_UNDECLARED_SELECTOR = YES;
				GCC_WARN_UNINITIALIZED_AUTOS = YES_AGGRESSIVE;
				GCC_WARN_UNUSED_FUNCTION = YES;
				GCC_WARN_UNUSED_VARIABLE = YES;
				IPHONEOS_DEPLOYMENT_TARGET = 12.1;
				MTL_ENABLE_DEBUG_INFO = INCLUDE_SOURCE;
				MTL_FAST_MATH = YES;
				ONLY_ACTIVE_ARCH = YES;
				SDKROOT = iphoneos;
				SWIFT_ACTIVE_COMPILATION_CONDITIONS = DEBUG;
				SWIFT_OPTIMIZATION_LEVEL = "-Onone";
			};
			name = Debug;
		};
		F057BDE4222CB0820067A793 /* Release */ = {
			isa = XCBuildConfiguration;
			buildSettings = {
				ALWAYS_SEARCH_USER_PATHS = NO;
				CLANG_ANALYZER_NONNULL = YES;
				CLANG_ANALYZER_NUMBER_OBJECT_CONVERSION = YES_AGGRESSIVE;
				CLANG_CXX_LANGUAGE_STANDARD = "gnu++14";
				CLANG_CXX_LIBRARY = "libc++";
				CLANG_ENABLE_MODULES = YES;
				CLANG_ENABLE_OBJC_ARC = YES;
				CLANG_ENABLE_OBJC_WEAK = YES;
				CLANG_WARN_BLOCK_CAPTURE_AUTORELEASING = YES;
				CLANG_WARN_BOOL_CONVERSION = YES;
				CLANG_WARN_COMMA = YES;
				CLANG_WARN_CONSTANT_CONVERSION = YES;
				CLANG_WARN_DEPRECATED_OBJC_IMPLEMENTATIONS = YES;
				CLANG_WARN_DIRECT_OBJC_ISA_USAGE = YES_ERROR;
				CLANG_WARN_DOCUMENTATION_COMMENTS = YES;
				CLANG_WARN_EMPTY_BODY = YES;
				CLANG_WARN_ENUM_CONVERSION = YES;
				CLANG_WARN_INFINITE_RECURSION = YES;
				CLANG_WARN_INT_CONVERSION = YES;
				CLANG_WARN_NON_LITERAL_NULL_CONVERSION = YES;
				CLANG_WARN_OBJC_IMPLICIT_RETAIN_SELF = YES;
				CLANG_WARN_OBJC_LITERAL_CONVERSION = YES;
				CLANG_WARN_OBJC_ROOT_CLASS = YES_ERROR;
				CLANG_WARN_RANGE_LOOP_ANALYSIS = YES;
				CLANG_WARN_STRICT_PROTOTYPES = YES;
				CLANG_WARN_SUSPICIOUS_MOVE = YES;
				CLANG_WARN_UNGUARDED_AVAILABILITY = YES_AGGRESSIVE;
				CLANG_WARN_UNREACHABLE_CODE = YES;
				CLANG_WARN__DUPLICATE_METHOD_MATCH = YES;
				CODE_SIGN_IDENTITY = "iPhone Developer";
				COPY_PHASE_STRIP = NO;
				DEBUG_INFORMATION_FORMAT = "dwarf-with-dsym";
				ENABLE_NS_ASSERTIONS = NO;
				ENABLE_STRICT_OBJC_MSGSEND = YES;
				GCC_C_LANGUAGE_STANDARD = gnu11;
				GCC_NO_COMMON_BLOCKS = YES;
				GCC_WARN_64_TO_32_BIT_CONVERSION = YES;
				GCC_WARN_ABOUT_RETURN_TYPE = YES_ERROR;
				GCC_WARN_UNDECLARED_SELECTOR = YES;
				GCC_WARN_UNINITIALIZED_AUTOS = YES_AGGRESSIVE;
				GCC_WARN_UNUSED_FUNCTION = YES;
				GCC_WARN_UNUSED_VARIABLE = YES;
				IPHONEOS_DEPLOYMENT_TARGET = 12.1;
				MTL_ENABLE_DEBUG_INFO = NO;
				MTL_FAST_MATH = YES;
				SDKROOT = iphoneos;
				SWIFT_COMPILATION_MODE = wholemodule;
				SWIFT_OPTIMIZATION_LEVEL = "-O";
				VALIDATE_PRODUCT = YES;
			};
			name = Release;
		};
		F057BDE6222CB0820067A793 /* Debug */ = {
			isa = XCBuildConfiguration;
			buildSettings = {
				ASSETCATALOG_COMPILER_APPICON_NAME = AppIcon;
				CODE_SIGN_STYLE = Automatic;
				DEVELOPMENT_TEAM = 6KDWTTTT9Y;
				INFOPLIST_FILE = SimsBO3D/Info.plist;
				LD_RUNPATH_SEARCH_PATHS = (
					"$(inherited)",
					"@executable_path/Frameworks",
				);
				PRODUCT_BUNDLE_IDENTIFIER = "Mark-Madden.SimsBO3D";
				PRODUCT_NAME = "$(TARGET_NAME)";
				SWIFT_VERSION = 4.2;
				TARGETED_DEVICE_FAMILY = "1,2";
			};
			name = Debug;
		};
		F057BDE7222CB0820067A793 /* Release */ = {
			isa = XCBuildConfiguration;
			buildSettings = {
				ASSETCATALOG_COMPILER_APPICON_NAME = AppIcon;
				CODE_SIGN_STYLE = Automatic;
				DEVELOPMENT_TEAM = 6KDWTTTT9Y;
				INFOPLIST_FILE = SimsBO3D/Info.plist;
				LD_RUNPATH_SEARCH_PATHS = (
					"$(inherited)",
					"@executable_path/Frameworks",
				);
				PRODUCT_BUNDLE_IDENTIFIER = "Mark-Madden.SimsBO3D";
				PRODUCT_NAME = "$(TARGET_NAME)";
				SWIFT_VERSION = 4.2;
				TARGETED_DEVICE_FAMILY = "1,2";
			};
			name = Release;
		};
		F057BDE9222CB0820067A793 /* Debug */ = {
			isa = XCBuildConfiguration;
			buildSettings = {
				ALWAYS_EMBED_SWIFT_STANDARD_LIBRARIES = YES;
				BUNDLE_LOADER = "$(TEST_HOST)";
				CODE_SIGN_STYLE = Automatic;
				DEVELOPMENT_TEAM = 6KDWTTTT9Y;
				INFOPLIST_FILE = SimsBO3DTests/Info.plist;
				LD_RUNPATH_SEARCH_PATHS = (
					"$(inherited)",
					"@executable_path/Frameworks",
					"@loader_path/Frameworks",
				);
				PRODUCT_BUNDLE_IDENTIFIER = "Mark-Madden.SimsBO3DTests";
				PRODUCT_NAME = "$(TARGET_NAME)";
				SWIFT_VERSION = 4.2;
				TARGETED_DEVICE_FAMILY = "1,2";
				TEST_HOST = "$(BUILT_PRODUCTS_DIR)/SimsBO3D.app/SimsBO3D";
			};
			name = Debug;
		};
		F057BDEA222CB0820067A793 /* Release */ = {
			isa = XCBuildConfiguration;
			buildSettings = {
				ALWAYS_EMBED_SWIFT_STANDARD_LIBRARIES = YES;
				BUNDLE_LOADER = "$(TEST_HOST)";
				CODE_SIGN_STYLE = Automatic;
				DEVELOPMENT_TEAM = 6KDWTTTT9Y;
				INFOPLIST_FILE = SimsBO3DTests/Info.plist;
				LD_RUNPATH_SEARCH_PATHS = (
					"$(inherited)",
					"@executable_path/Frameworks",
					"@loader_path/Frameworks",
				);
				PRODUCT_BUNDLE_IDENTIFIER = "Mark-Madden.SimsBO3DTests";
				PRODUCT_NAME = "$(TARGET_NAME)";
				SWIFT_VERSION = 4.2;
				TARGETED_DEVICE_FAMILY = "1,2";
				TEST_HOST = "$(BUILT_PRODUCTS_DIR)/SimsBO3D.app/SimsBO3D";
			};
			name = Release;
		};
		F057BDEC222CB0820067A793 /* Debug */ = {
			isa = XCBuildConfiguration;
			buildSettings = {
				ALWAYS_EMBED_SWIFT_STANDARD_LIBRARIES = YES;
				CODE_SIGN_STYLE = Automatic;
				DEVELOPMENT_TEAM = 6KDWTTTT9Y;
				INFOPLIST_FILE = SimsBO3DUITests/Info.plist;
				LD_RUNPATH_SEARCH_PATHS = (
					"$(inherited)",
					"@executable_path/Frameworks",
					"@loader_path/Frameworks",
				);
				PRODUCT_BUNDLE_IDENTIFIER = "Mark-Madden.SimsBO3DUITests";
				PRODUCT_NAME = "$(TARGET_NAME)";
				SWIFT_VERSION = 4.2;
				TARGETED_DEVICE_FAMILY = "1,2";
				TEST_TARGET_NAME = SimsBO3D;
			};
			name = Debug;
		};
		F057BDED222CB0820067A793 /* Release */ = {
			isa = XCBuildConfiguration;
			buildSettings = {
				ALWAYS_EMBED_SWIFT_STANDARD_LIBRARIES = YES;
				CODE_SIGN_STYLE = Automatic;
				DEVELOPMENT_TEAM = 6KDWTTTT9Y;
				INFOPLIST_FILE = SimsBO3DUITests/Info.plist;
				LD_RUNPATH_SEARCH_PATHS = (
					"$(inherited)",
					"@executable_path/Frameworks",
					"@loader_path/Frameworks",
				);
				PRODUCT_BUNDLE_IDENTIFIER = "Mark-Madden.SimsBO3DUITests";
				PRODUCT_NAME = "$(TARGET_NAME)";
				SWIFT_VERSION = 4.2;
				TARGETED_DEVICE_FAMILY = "1,2";
				TEST_TARGET_NAME = SimsBO3D;
			};
			name = Release;
		};
/* End XCBuildConfiguration section */

/* Begin XCConfigurationList section */
		F057BDB6222CB0810067A793 /* Build configuration list for PBXProject "SimsBO3D" */ = {
			isa = XCConfigurationList;
			buildConfigurations = (
				F057BDE3222CB0820067A793 /* Debug */,
				F057BDE4222CB0820067A793 /* Release */,
			);
			defaultConfigurationIsVisible = 0;
			defaultConfigurationName = Release;
		};
		F057BDE5222CB0820067A793 /* Build configuration list for PBXNativeTarget "SimsBO3D" */ = {
			isa = XCConfigurationList;
			buildConfigurations = (
				F057BDE6222CB0820067A793 /* Debug */,
				F057BDE7222CB0820067A793 /* Release */,
			);
			defaultConfigurationIsVisible = 0;
			defaultConfigurationName = Release;
		};
		F057BDE8222CB0820067A793 /* Build configuration list for PBXNativeTarget "SimsBO3DTests" */ = {
			isa = XCConfigurationList;
			buildConfigurations = (
				F057BDE9222CB0820067A793 /* Debug */,
				F057BDEA222CB0820067A793 /* Release */,
			);
			defaultConfigurationIsVisible = 0;
			defaultConfigurationName = Release;
		};
		F057BDEB222CB0820067A793 /* Build configuration list for PBXNativeTarget "SimsBO3DUITests" */ = {
			isa = XCConfigurationList;
			buildConfigurations = (
				F057BDEC222CB0820067A793 /* Debug */,
				F057BDED222CB0820067A793 /* Release */,
			);
			defaultConfigurationIsVisible = 0;
			defaultConfigurationName = Release;
		};
/* End XCConfigurationList section */
	};
	rootObject = F057BDB3222CB0810067A793 /* Project object */;
}
